<?xml version="1.0" encoding="utf-8"?>
<Project ToolsVersion="4.0" xmlns="http://schemas.microsoft.com/developer/msbuild/2003">
  <ItemGroup>
    <ClCompile Include="src\Filesystem\AddFolder.cpp" />
    <ClCompile Include="src\Filesystem\DirectoryLoader.cpp" />
    <ClCompile Include="src\Filesystem\FileBrowser.cpp" />
    <ClCompile Include="src\Filesystem\FileDelete.cpp" />
    <ClCompile Include="src\Filesystem\FileHandler.cpp" />
    <ClCompile Include="src\Filesystem\FileRename.cpp" />
    <ClCompile Include="src\Main.cpp" />
    <ClCompile Include="src\Net\DirectoryHandler.cpp" />
    <ClCompile Include="src\Net\Handlers.cpp" />
    <ClCompile Include="src\Net\OverdriveRequestHandlerFactory.cpp" />
    <ClCompile Include="src\Net\OverdriveServer.cpp" />
    <ClCompile Include="src\Net\RootHandler.cpp" />
    <ClCompile Include="src\Filesystem\DirectoryZipper.cpp" />
    <ClCompile Include="src\Filesystem\FileMapper.cpp" />
    <ClCompile Include="src\Net\SharedRequestHandler.cpp" />
  </ItemGroup>
  <ItemGroup>
    <ClInclude Include="src\Filesystem\AddFolder.hpp" />
    <ClInclude Include="src\Filesystem\DirectoryLoader.hpp" />
    <ClInclude Include="src\Filesystem\FileDelete.hpp" />
    <ClInclude Include="src\Filesystem\FileHandler.hpp" />
    <ClInclude Include="src\Filesystem\FileHandlerStrategy.hpp" />
    <ClInclude Include="src\Filesystem\FileBrowser.hpp" />
    <ClInclude Include="src\Filesystem\FileRename.hpp" />
    <ClInclude Include="src\Net\DirectoryHandler.hpp" />
    <ClInclude Include="src\Net\OverdriveRequestHandlerFactory.hpp" />
    <ClInclude Include="src\Net\OverdriveServer.hpp" />
    <ClInclude Include="src\Net\RootHandler.hpp" />
    <ClInclude Include="src\Net\Handlers.hpp" />
    <ClInclude Include="src\Net\StatePattern.hpp" />
    <ClInclude Include="src\Net\UserIDMapper.hpp" />
    <ClInclude Include="src\Filesystem\DirectoryZipper.hpp" />
    <ClInclude Include="src\Filesystem\FileMapper.hpp" />
    <ClInclude Include="src\Net\SharedRequestHandler.hpp" />
  </ItemGroup>
</Project>